
Microsoft Visual Studio Solution File, Format Version 12.00
# Visual Studio Version 16
VisualStudioVersion = 16.0.29306.81
MinimumVisualStudioVersion = 10.0.40219.1
Project("{888888A0-9F3D-457C-B088-3A5042F75D52}") = "Python_Web_1", "Python_Web_1\Python_Web_1.pyproj", "{7D274F9E-D111-4F16-9E0A-7729907160CE}"
EndProject
Global
	GlobalSection(SolutionConfigurationPlatforms) = preSolution
		Debug|Any CPU = Debug|Any CPU
		Release|Any CPU = Release|Any CPU
	EndGlobalSection
	GlobalSection(ProjectConfigurationPlatforms) = postSolution
		{7D274F9E-D111-4F16-9E0A-7729907160CE}.Debug|Any CPU.ActiveCfg = Debug|Any CPU
		{7D274F9E-D111-4F16-9E0A-7729907160CE}.Debug|Any CPU.Build.0 = Debug|Any CPU
		{7D274F9E-D111-4F16-9E0A-7729907160CE}.Release|Any CPU.ActiveCfg = Release|Any CPU
		{7D274F9E-D111-4F16-9E0A-7729907160CE}.Release|Any CPU.Build.0 = Release|Any CPU
	EndGlobalSection
	GlobalSection(SolutionProperties) = preSolution
		HideSolutionNode = FALSE
	EndGlobalSection
	GlobalSection(ExtensibilityGlobals) = postSolution
		SolutionGuid = {52BA7732-081E-4B05-AD2C-F746D5A69B7A}
	EndGlobalSection
EndGlobal
