
Microsoft Visual Studio Solution File, Format Version 12.00
# Visual Studio Version 16
VisualStudioVersion = 16.0.29306.81
MinimumVisualStudioVersion = 10.0.40219.1
Project("{FAE04EC0-301F-11D3-BF4B-00C04F79EFBC}") = "FourteenFeb", "FourteenFeb\FourteenFeb.csproj", "{C77C6BEA-0EE4-456E-BF1B-6F5C1D18AE52}"
EndProject
Global
	GlobalSection(SolutionConfigurationPlatforms) = preSolution
		Debug|Any CPU = Debug|Any CPU
		Release|Any CPU = Release|Any CPU
	EndGlobalSection
	GlobalSection(ProjectConfigurationPlatforms) = postSolution
		{C77C6BEA-0EE4-456E-BF1B-6F5C1D18AE52}.Debug|Any CPU.ActiveCfg = Debug|Any CPU
		{C77C6BEA-0EE4-456E-BF1B-6F5C1D18AE52}.Debug|Any CPU.Build.0 = Debug|Any CPU
		{C77C6BEA-0EE4-456E-BF1B-6F5C1D18AE52}.Release|Any CPU.ActiveCfg = Release|Any CPU
		{C77C6BEA-0EE4-456E-BF1B-6F5C1D18AE52}.Release|Any CPU.Build.0 = Release|Any CPU
	EndGlobalSection
	GlobalSection(SolutionProperties) = preSolution
		HideSolutionNode = FALSE
	EndGlobalSection
	GlobalSection(ExtensibilityGlobals) = postSolution
		SolutionGuid = {5C71171F-F4BC-4D8D-A8B5-24B7D07B0E96}
	EndGlobalSection
EndGlobal
