
Microsoft Visual Studio Solution File, Format Version 12.00
# Visual Studio Version 16
VisualStudioVersion = 16.0.29306.81
MinimumVisualStudioVersion = 10.0.40219.1
Project("{FAE04EC0-301F-11D3-BF4B-00C04F79EFBC}") = "HocCSharp", "HocCSharp\HocCSharp.csproj", "{144CDD7A-0858-4653-9924-4B1207DAA1DD}"
EndProject
Global
	GlobalSection(SolutionConfigurationPlatforms) = preSolution
		Debug|Any CPU = Debug|Any CPU
		Release|Any CPU = Release|Any CPU
	EndGlobalSection
	GlobalSection(ProjectConfigurationPlatforms) = postSolution
		{144CDD7A-0858-4653-9924-4B1207DAA1DD}.Debug|Any CPU.ActiveCfg = Debug|Any CPU
		{144CDD7A-0858-4653-9924-4B1207DAA1DD}.Debug|Any CPU.Build.0 = Debug|Any CPU
		{144CDD7A-0858-4653-9924-4B1207DAA1DD}.Release|Any CPU.ActiveCfg = Release|Any CPU
		{144CDD7A-0858-4653-9924-4B1207DAA1DD}.Release|Any CPU.Build.0 = Release|Any CPU
	EndGlobalSection
	GlobalSection(SolutionProperties) = preSolution
		HideSolutionNode = FALSE
	EndGlobalSection
	GlobalSection(ExtensibilityGlobals) = postSolution
		SolutionGuid = {3BE13E7D-6365-4898-80D6-9F9F2EAA5BD5}
	EndGlobalSection
	GlobalSection(TeamFoundationVersionControl) = preSolution
		SccNumberOfProjects = 2
		SccEnterpriseProvider = {4CA58AB2-18FA-4F8D-95D4-32DDF27D184C}
		SccTeamFoundationServer = https://dev.azure.com/nghiatd17411
		SccLocalPath0 = .
		SccProjectUniqueName1 = HocCSharp\\HocCSharp.csproj
		SccProjectName1 = HocCSharp
		SccLocalPath1 = HocCSharp
	EndGlobalSection
EndGlobal
