
Microsoft Visual Studio Solution File, Format Version 12.00
# Visual Studio Version 16
VisualStudioVersion = 16.0.29001.49
MinimumVisualStudioVersion = 10.0.40219.1
Project("{F184B08F-C81C-45F6-A57F-5ABD9991F28F}") = "WebApp", "WebApp\WebApp.vbproj", "{E3C5F1C5-D738-4758-9039-BA8EEF8B0B18}"
EndProject
Global
	GlobalSection(SolutionConfigurationPlatforms) = preSolution
		Debug|Any CPU = Debug|Any CPU
		Release|Any CPU = Release|Any CPU
	EndGlobalSection
	GlobalSection(ProjectConfigurationPlatforms) = postSolution
		{E3C5F1C5-D738-4758-9039-BA8EEF8B0B18}.Debug|Any CPU.ActiveCfg = Debug|Any CPU
		{E3C5F1C5-D738-4758-9039-BA8EEF8B0B18}.Debug|Any CPU.Build.0 = Debug|Any CPU
		{E3C5F1C5-D738-4758-9039-BA8EEF8B0B18}.Release|Any CPU.ActiveCfg = Release|Any CPU
		{E3C5F1C5-D738-4758-9039-BA8EEF8B0B18}.Release|Any CPU.Build.0 = Release|Any CPU
	EndGlobalSection
	GlobalSection(SolutionProperties) = preSolution
		HideSolutionNode = FALSE
	EndGlobalSection
	GlobalSection(ExtensibilityGlobals) = postSolution
		SolutionGuid = {56B2680E-D221-4834-95C2-A35FF30BBA8D}
	EndGlobalSection
EndGlobal
